
Microsoft Visual Studio Solution File, Format Version 12.00
# Visual Studio Version 17
VisualStudioVersion = 17.7.34031.279
MinimumVisualStudioVersion = 10.0.40219.1
Project("{2150E333-8FDC-42A3-9474-1A3956D46DE8}") = "src", "src", "{9F228C8F-91B2-498B-82E2-FF141C3E166F}"
EndProject
Project("{9A19103F-16F7-4668-BE54-9A1E7A4F7556}") = "UrlShortener", "UrlShortener\UrlShortener.csproj", "{65E61FFB-2CA9-4191-9286-919907605EB6}"
EndProject
Project("{E53339B2-1760-4266-BCC7-CA923CBCF16C}") = "docker-compose", "docker-compose.dcproj", "{6F54BDF1-0FC1-4FC4-9270-E079D3ED03BD}"
EndProject
Project("{2150E333-8FDC-42A3-9474-1A3956D46DE8}") = "Solution Items", "Solution Items", "{CE90C684-717B-46C2-B7CA-5241157D7D35}"
	ProjectSection(SolutionItems) = preProject
		.github\workflows\dotnet.yml = .github\workflows\dotnet.yml
	EndProjectSection
EndProject
Global
	GlobalSection(SolutionConfigurationPlatforms) = preSolution
		Debug|Any CPU = Debug|Any CPU
		Release|Any CPU = Release|Any CPU
	EndGlobalSection
	GlobalSection(ProjectConfigurationPlatforms) = postSolution
		{65E61FFB-2CA9-4191-9286-919907605EB6}.Debug|Any CPU.ActiveCfg = Debug|Any CPU
		{65E61FFB-2CA9-4191-9286-919907605EB6}.Debug|Any CPU.Build.0 = Debug|Any CPU
		{65E61FFB-2CA9-4191-9286-919907605EB6}.Release|Any CPU.ActiveCfg = Release|Any CPU
		{65E61FFB-2CA9-4191-9286-919907605EB6}.Release|Any CPU.Build.0 = Release|Any CPU
		{6F54BDF1-0FC1-4FC4-9270-E079D3ED03BD}.Debug|Any CPU.ActiveCfg = Debug|Any CPU
		{6F54BDF1-0FC1-4FC4-9270-E079D3ED03BD}.Debug|Any CPU.Build.0 = Debug|Any CPU
		{6F54BDF1-0FC1-4FC4-9270-E079D3ED03BD}.Release|Any CPU.ActiveCfg = Release|Any CPU
		{6F54BDF1-0FC1-4FC4-9270-E079D3ED03BD}.Release|Any CPU.Build.0 = Release|Any CPU
	EndGlobalSection
	GlobalSection(SolutionProperties) = preSolution
		HideSolutionNode = FALSE
	EndGlobalSection
	GlobalSection(NestedProjects) = preSolution
		{65E61FFB-2CA9-4191-9286-919907605EB6} = {9F228C8F-91B2-498B-82E2-FF141C3E166F}
	EndGlobalSection
	GlobalSection(ExtensibilityGlobals) = postSolution
		SolutionGuid = {31D21EB9-38D0-4F1D-9601-946EFCF44703}
	EndGlobalSection
EndGlobal
